lockfileVersion: 5.4

specifiers:
  '@types/node': ^10.12.21
  '@types/vscode': ^1.45.0
  typescript: ^3.3.1

devDependencies:
  '@types/node': 10.17.60
  '@types/vscode': 1.78.0
  typescript: 3.9.10

packages:

  /@types/node/10.17.60:
    resolution: {integrity: sha512-F0KIgDJfy2nA3zMLmWGKxcH2ZVEtCZXHHdOQs2gSaQ27+lNeEfGxzkIw90aXswATX7AZ33tahPbzy6KAfUreVw==}
    dev: true

  /@types/vscode/1.78.0:
    resolution: {integrity: sha512-LJZIJpPvKJ0HVQDqfOy6W4sNKUBBwyDu1Bs8chHBZOe9MNuKTJtidgZ2bqjhmmWpUb0TIIqv47BFUcVmAsgaVA==}
    dev: true

  /typescript/3.9.10:
    resolution: {integrity: sha512-w6fIxVE/H1PkLKcCPsFqKE7Kv7QUwhU8qQY2MueZXWx5cPZdwFupLgKK3vntcK98BtNHZtAF4LA/yl2a7k8R6Q==}
    engines: {node: '>=4.2.0'}
    hasBin: true
    dev: true
